{
  "name": "did-onion-cli",
  "version": "1.0.0",
  "lockfileVersion": 1,
  "requires": true,
  "dependencies": {
    "@peculiar/asn1-schema": {
      "version": "2.0.26",
      "resolved": "https://registry.npmjs.org/@peculiar/asn1-schema/-/asn1-schema-2.0.26.tgz",
      "integrity": "sha512-IKkHojZkiLgtqMpahDm5UENMGN3UUOj51Pq6yAkZxLaNjDFc7H14g3oxgwHS7c7w6j76HbL8Agm4xnmSmJtbhg==",
      "requires": {
        "@types/asn1js": "^2.0.0",
        "asn1js": "^2.0.26",
        "pvtsutils": "^1.0.15",
        "tslib": "^2.0.3"
      }
    },
    "@peculiar/json-schema": {
      "version": "1.1.12",
      "resolved": "https://registry.npmjs.org/@peculiar/json-schema/-/json-schema-1.1.12.tgz",
      "integrity": "sha512-coUfuoMeIB7B8/NMekxaDzLhaYmp0HZNPEjYRm9goRou8UZIC3z21s0sL9AWoCw4EG876QyO3kYrc61WNF9B/w==",
      "requires": {
        "tslib": "^2.0.0"
      }
    },
    "@peculiar/webcrypto": {
      "version": "1.1.3",
      "resolved": "https://registry.npmjs.org/@peculiar/webcrypto/-/webcrypto-1.1.3.tgz",
      "integrity": "sha512-M1mipPJkWzIf92w3T1Vx5ir3kV9c0oWCcLkeh4vNa/3XDEtQ7xxj5NRKyq67NuVNKLH2/0JD1crlLJyqfYbfBA==",
      "requires": {
        "@peculiar/asn1-schema": "^2.0.13",
        "@peculiar/json-schema": "^1.1.12",
        "pvtsutils": "^1.0.11",
        "tslib": "^2.0.1",
        "webcrypto-core": "^1.1.6"
      }
    },
    "@stablelib/aead": {
      "version": "1.0.0",
      "resolved": "https://registry.npmjs.org/@stablelib/aead/-/aead-1.0.0.tgz",
      "integrity": "sha512-2iO0P15w1onK8g/m6ygNqlMFBfC7BM8o1Zr7jRqMAF9+zhhyY3h4NZwnXKxUm11TBm62Yeesw+FKqs/gJ6shMA=="
    },
    "@stablelib/aes": {
      "version": "1.0.0",
      "resolved": "https://registry.npmjs.org/@stablelib/aes/-/aes-1.0.0.tgz",
      "integrity": "sha512-nB6rZxdrbk6dmrHyzEW7u0VOUp1OEYSUmVw8FhAtR6Q91w5MGvwKOpeSoEUWkDLSWy/Hnaem9mV5lzMQJapIig==",
      "requires": {
        "@stablelib/binary": "^1.0.0",
        "@stablelib/blockcipher": "^1.0.0",
        "@stablelib/wipe": "^1.0.0"
      }
    },
    "@stablelib/aes-kw": {
      "version": "1.0.0",
      "resolved": "https://registry.npmjs.org/@stablelib/aes-kw/-/aes-kw-1.0.0.tgz",
      "integrity": "sha512-7EYxUFlUbmEaBgVsrunskMpMDSAQL0D6WY4ImzohBGcx8xRR0o+6UiA+EgxTSvSaqnrMK3XmVwnloEl+1YIu7Q==",
      "requires": {
        "@stablelib/aes": "^1.0.0",
        "@stablelib/binary": "^1.0.0",
        "@stablelib/blockcipher": "^1.0.0",
        "@stablelib/constant-time": "^1.0.0",
        "@stablelib/wipe": "^1.0.0"
      }
    },
    "@stablelib/binary": {
      "version": "1.0.0",
      "resolved": "https://registry.npmjs.org/@stablelib/binary/-/binary-1.0.0.tgz",
      "integrity": "sha512-W01QhOw1tWL51Du1c5JZphJs7toRbfra1C2DBlhT0mRHZWGWB1hpFbqiZUFY7QNIMUpmmHLrlZs3YsSCB/giUg==",
      "requires": {
        "@stablelib/int": "^1.0.0"
      }
    },
    "@stablelib/blockcipher": {
      "version": "1.0.0",
      "resolved": "https://registry.npmjs.org/@stablelib/blockcipher/-/blockcipher-1.0.0.tgz",
      "integrity": "sha512-IQVA3XwCrXb2alpNm4L/MkHkR19f7kH3WmT1oJN6AZWnC7R0vNWKdxnf+4YyHSKisvXThwmyecLMGO+VSdRsDg=="
    },
    "@stablelib/bytes": {
      "version": "1.0.0",
      "resolved": "https://registry.npmjs.org/@stablelib/bytes/-/bytes-1.0.0.tgz",
      "integrity": "sha512-c9CfJwoZpxub6yicmhkeEpvLLsvsAP76tBAHEXKuEjPzza946U7bgebJJoMl8Q+ZlU2vy9ZoWCXE1uLpi817Pg=="
    },
    "@stablelib/chacha": {
      "version": "1.0.0",
      "resolved": "https://registry.npmjs.org/@stablelib/chacha/-/chacha-1.0.0.tgz",
      "integrity": "sha512-tlp3ECXiU7APq6n1YQ2K4B7MUppAOUWsvN1JMs2OWnYVR2Km+AsSmgMjjtefG8vPZ+J8tfY3sufzh5zCg5xiSw==",
      "requires": {
        "@stablelib/binary": "^1.0.0",
        "@stablelib/wipe": "^1.0.0"
      }
    },
    "@stablelib/chacha20poly1305": {
      "version": "1.0.0",
      "resolved": "https://registry.npmjs.org/@stablelib/chacha20poly1305/-/chacha20poly1305-1.0.0.tgz",
      "integrity": "sha512-sRv7T5nDRpwqerY9VZ3ABfzHukF/aa2njKvCHPvMpM3+WOYqU4JIP47MdvmrEj+NFHFP3hBx6XV5xpnV8IqMig==",
      "requires": {
        "@stablelib/aead": "^1.0.0",
        "@stablelib/binary": "^1.0.0",
        "@stablelib/chacha": "^1.0.0",
        "@stablelib/constant-time": "^1.0.0",
        "@stablelib/poly1305": "^1.0.0",
        "@stablelib/wipe": "^1.0.0"
      }
    },
    "@stablelib/constant-time": {
      "version": "1.0.0",
      "resolved": "https://registry.npmjs.org/@stablelib/constant-time/-/constant-time-1.0.0.tgz",
      "integrity": "sha512-0lH6SB0wP562fa0yvNZMF2NbFr8QHeefhO1KOu2unW8qH1npdep7I1vGbPqEM+BHg6LqllPceVE8Ca0RwIDLDA=="
    },
    "@stablelib/ed25519": {
      "version": "1.0.1",
      "resolved": "https://registry.npmjs.org/@stablelib/ed25519/-/ed25519-1.0.1.tgz",
      "integrity": "sha512-kvC98vkJeertRj37yqTcjOwUVYWQ0jcywxxWpeuTal5ZNgH7EcbljtQYECA2Pi2N0zNG0a0AjSD2Q2DFcUxRjQ==",
      "requires": {
        "@stablelib/random": "^1.0.0",
        "@stablelib/sha512": "^1.0.0",
        "@stablelib/wipe": "^1.0.0"
      }
    },
    "@stablelib/hash": {
      "version": "1.0.0",
      "resolved": "https://registry.npmjs.org/@stablelib/hash/-/hash-1.0.0.tgz",
      "integrity": "sha512-wBvSIIx4Y8799BRD4TBhezS1P9+irGAKdsNgbZMeU5ndMbw7BtZALdCm0FcJIRFxJ2giPLPS9YCgrwWAhzSRLQ=="
    },
    "@stablelib/int": {
      "version": "1.0.0",
      "resolved": "https://registry.npmjs.org/@stablelib/int/-/int-1.0.0.tgz",
      "integrity": "sha512-MRigEQCO7xM93nZqW4CbIBjhANGw3jJxGVSUZH3PQ6HWL1IGrFWVDBzIclWxl4l5aRRpqoM+76ellQNdUJPnsA=="
    },
    "@stablelib/keyagreement": {
      "version": "1.0.0",
      "resolved": "https://registry.npmjs.org/@stablelib/keyagreement/-/keyagreement-1.0.0.tgz",
      "integrity": "sha512-M4f0QhuYGrMCLPoJIKWpC5riJfDivOFZHOAlj1Av44UJSyMzM46gJW0e9khKoTcbU8r8oXebkwlJT70Xm0+kqg==",
      "requires": {
        "@stablelib/bytes": "^1.0.0"
      }
    },
    "@stablelib/poly1305": {
      "version": "1.0.0",
      "resolved": "https://registry.npmjs.org/@stablelib/poly1305/-/poly1305-1.0.0.tgz",
      "integrity": "sha512-8EOq8g3Naae+gGI/c/Tt1+xhbgDvkFwYx7QfTlps7SwA/IC6dhEZ+BzvU6O9FuVQ/l72yV7i3PSJ3LMOvTxS8g==",
      "requires": {
        "@stablelib/constant-time": "^1.0.0",
        "@stablelib/wipe": "^1.0.0"
      }
    },
    "@stablelib/random": {
      "version": "1.0.0",
      "resolved": "https://registry.npmjs.org/@stablelib/random/-/random-1.0.0.tgz",
      "integrity": "sha512-G9vwwKrNCGMI/uHL6XeWe2Nk4BuxkYyWZagGaDU9wrsuV+9hUwNI1lok2WVo8uJDa2zx7ahNwN7Ij983hOUFEw==",
      "requires": {
        "@stablelib/binary": "^1.0.0",
        "@stablelib/wipe": "^1.0.0"
      }
    },
    "@stablelib/sha512": {
      "version": "1.0.0",
      "resolved": "https://registry.npmjs.org/@stablelib/sha512/-/sha512-1.0.0.tgz",
      "integrity": "sha512-qvUu5SraAdGa8HAkAasfMyD9C+MwlRnFVRJ6cRxAEIekmDsU3tfGLnUm3wb9ao4t0FkihGrj8GKlV82TTR4Phw==",
      "requires": {
        "@stablelib/binary": "^1.0.0",
        "@stablelib/hash": "^1.0.0",
        "@stablelib/wipe": "^1.0.0"
      }
    },
    "@stablelib/wipe": {
      "version": "1.0.0",
      "resolved": "https://registry.npmjs.org/@stablelib/wipe/-/wipe-1.0.0.tgz",
      "integrity": "sha512-0Fd4MQCbEh8OFSO+gG7wBXok7yRC3w+xe/wWM8KNye7EGoHr4BTFZNWV/1xAn2r8/gyFKxPXT8uxXRzDzGq6rg=="
    },
    "@stablelib/x25519": {
      "version": "1.0.0",
      "resolved": "https://registry.npmjs.org/@stablelib/x25519/-/x25519-1.0.0.tgz",
      "integrity": "sha512-sjlOzC8eZJhHTuMZnSTxtawYXbFXZtHm6TbhacvoYmJOG9/3cFX5z1Aw0WZfQvPNSk+8aPrpwuyRMmUO1PW8yw==",
      "requires": {
        "@stablelib/keyagreement": "^1.0.0",
        "@stablelib/random": "^1.0.0",
        "@stablelib/wipe": "^1.0.0"
      }
    },
    "@stablelib/xchacha20": {
      "version": "1.0.0",
      "resolved": "https://registry.npmjs.org/@stablelib/xchacha20/-/xchacha20-1.0.0.tgz",
      "integrity": "sha512-8q98HxPCgVUGMnjMl79KhEtWsh0UQbTt5x1570QnynF3uzzsGgP7exXwkyqi7s85SdvdO8EKEezDMjuzqv69Yw==",
      "requires": {
        "@stablelib/binary": "^1.0.0",
        "@stablelib/chacha": "^1.0.0",
        "@stablelib/wipe": "^1.0.0"
      }
    },
    "@stablelib/xchacha20poly1305": {
      "version": "1.0.0",
      "resolved": "https://registry.npmjs.org/@stablelib/xchacha20poly1305/-/xchacha20poly1305-1.0.0.tgz",
      "integrity": "sha512-rVcKmgEeMK8kInx2bvvBXLL/wMKrqeA6luWiZYRQj1QMnZnq3ReZd1szZdz2QWFQOlp7rXsZp+EaM4FqNlfZSw==",
      "requires": {
        "@stablelib/aead": "^1.0.0",
        "@stablelib/chacha20poly1305": "^1.0.0",
        "@stablelib/constant-time": "^1.0.0",
        "@stablelib/wipe": "^1.0.0",
        "@stablelib/xchacha20": "^1.0.0"
      }
    },
    "@transmute/did-key-cipher": {
      "version": "0.2.1-unstable.28",
      "resolved": "https://registry.npmjs.org/@transmute/did-key-cipher/-/did-key-cipher-0.2.1-unstable.28.tgz",
      "integrity": "sha512-86E6RHWR5P4zNRvMDbYMQoZW/nT1W8WYY5UD5/T6hnDkqoiEdDvVGVTiyBY9GdsJ/1StLLd2TluID1272sclOQ==",
      "requires": {
        "@peculiar/webcrypto": "^1.1.3",
        "@stablelib/aes-kw": "^1.0.0",
        "@stablelib/xchacha20poly1305": "^1.0.0",
        "@transmute/did-key-common": "^0.2.1-unstable.28",
        "web-streams-polyfill": "^3.0.0"
      }
    },
    "@transmute/did-key-common": {
      "version": "0.2.1-unstable.28",
      "resolved": "https://registry.npmjs.org/@transmute/did-key-common/-/did-key-common-0.2.1-unstable.28.tgz",
      "integrity": "sha512-IuMZAbeXHI2+0X1KVNPAXs6gzBI5QzpYyUpw9a1qpgY2844D2+7/njsCNeYxAJQTLl3S2HaDVRepwu/B6Jcj+A==",
      "requires": {
        "base64url": "^3.0.1",
        "canonicalize": "^1.0.3"
      }
    },
    "@transmute/did-key-ed25519": {
      "version": "0.2.1-unstable.28",
      "resolved": "https://registry.npmjs.org/@transmute/did-key-ed25519/-/did-key-ed25519-0.2.1-unstable.28.tgz",
      "integrity": "sha512-qfxbkcQ5nc6k32Gyy25+D7HHT8Q5VkR7MlMssYm64kyS3ZB3Qe+LAyjgUfpgdbI5YvzM/OAdPScmz0RwNDy+6w==",
      "requires": {
        "@stablelib/ed25519": "^1.0.1",
        "@transmute/did-key-common": "^0.2.1-unstable.28",
        "@transmute/did-key-x25519": "^0.2.1-unstable.28",
        "@trust/keyto": "^1.0.1",
        "base64url": "^3.0.1",
        "bs58": "^4.0.1",
        "canonicalize": "^1.0.1"
      }
    },
    "@transmute/did-key-x25519": {
      "version": "0.2.1-unstable.28",
      "resolved": "https://registry.npmjs.org/@transmute/did-key-x25519/-/did-key-x25519-0.2.1-unstable.28.tgz",
      "integrity": "sha512-+MP7cPPZ60MOzkzFd34EyfZ70faFCE5WzihzU+8vJl+P32ApC3Z0p9VajLlga2HEl4NPclUs30Qa9ekFkIQ7lg==",
      "requires": {
        "@stablelib/ed25519": "^1.0.1",
        "@stablelib/x25519": "^1.0.0",
        "@transmute/did-key-cipher": "^0.2.1-unstable.28",
        "@transmute/did-key-common": "^0.2.1-unstable.28",
        "@trust/keyto": "^1.0.1",
        "base64url": "^3.0.1",
        "bs58": "^4.0.1",
        "canonicalize": "^1.0.1"
      }
    },
    "@trust/keyto": {
      "version": "1.0.1",
      "resolved": "https://registry.npmjs.org/@trust/keyto/-/keyto-1.0.1.tgz",
      "integrity": "sha512-OXTmKkrnkwktCX86XA7eWs1TQ6u64enm0syzAfNhjigbuGLy5aLhbhRYWtjt4zzdG/irWudluheRZ9Ic9pCwsA==",
      "requires": {
        "asn1.js": "^5.2.0",
        "base64url": "^3.0.1",
        "elliptic": "^6.5.2"
      }
    },
    "@types/asn1js": {
      "version": "2.0.0",
      "resolved": "https://registry.npmjs.org/@types/asn1js/-/asn1js-2.0.0.tgz",
      "integrity": "sha512-Jjzp5EqU0hNpADctc/UqhiFbY1y2MqIxBVa2S4dBlbnZHTLPMuggoL5q43X63LpsOIINRDirBjP56DUUKIUWIA=="
    },
    "asn1.js": {
      "version": "5.4.1",
      "resolved": "https://registry.npmjs.org/asn1.js/-/asn1.js-5.4.1.tgz",
      "integrity": "sha512-+I//4cYPccV8LdmBLiX8CYvf9Sp3vQsrqu2QNXRcrbiWvcx/UdlFiqUJJzxRQxgsZmvhXhn4cSKeSmoFjVdupA==",
      "requires": {
        "bn.js": "^4.0.0",
        "inherits": "^2.0.1",
        "minimalistic-assert": "^1.0.0",
        "safer-buffer": "^2.1.0"
      }
    },
    "asn1js": {
      "version": "2.0.26",
      "resolved": "https://registry.npmjs.org/asn1js/-/asn1js-2.0.26.tgz",
      "integrity": "sha512-yG89F0j9B4B0MKIcFyWWxnpZPLaNTjCj4tkE3fjbAoo0qmpGw0PYYqSbX/4ebnd9Icn8ZgK4K1fvDyEtW1JYtQ==",
      "requires": {
        "pvutils": "^1.0.17"
      }
    },
    "base-x": {
      "version": "3.0.8",
      "resolved": "https://registry.npmjs.org/base-x/-/base-x-3.0.8.tgz",
      "integrity": "sha512-Rl/1AWP4J/zRrk54hhlxH4drNxPJXYUaKffODVI53/dAsV4t9fBxyxYKAVPU1XBHxYwOWP9h9H0hM2MVw4YfJA==",
      "requires": {
        "safe-buffer": "^5.0.1"
      }
    },
    "base64url": {
      "version": "3.0.1",
      "resolved": "https://registry.npmjs.org/base64url/-/base64url-3.0.1.tgz",
      "integrity": "sha512-ir1UPr3dkwexU7FdV8qBBbNDRUhMmIekYMFZfi+C/sLNnRESKPl23nB9b2pltqfOQNnGzsDdId90AEtG5tCx4A=="
    },
    "bn.js": {
      "version": "4.11.9",
      "resolved": "https://registry.npmjs.org/bn.js/-/bn.js-4.11.9.tgz",
      "integrity": "sha512-E6QoYqCKZfgatHTdHzs1RRKP7ip4vvm+EyRUeE2RF0NblwVvb0p6jSVeNTOFxPn26QXN2o6SMfNxKp6kU8zQaw=="
    },
    "brorand": {
      "version": "1.1.0",
      "resolved": "https://registry.npmjs.org/brorand/-/brorand-1.1.0.tgz",
      "integrity": "sha1-EsJe/kCkXjwyPrhnWgoM5XsiNx8="
    },
    "bs58": {
      "version": "4.0.1",
      "resolved": "https://registry.npmjs.org/bs58/-/bs58-4.0.1.tgz",
      "integrity": "sha1-vhYedsNU9veIrkBx9j806MTwpCo=",
      "requires": {
        "base-x": "^3.0.2"
      }
    },
    "canonicalize": {
      "version": "1.0.5",
      "resolved": "https://registry.npmjs.org/canonicalize/-/canonicalize-1.0.5.tgz",
      "integrity": "sha512-mAjKJPIyP0xqqv6IAkvso07StOmz6cmGtNDg3pXCSzXVZOqka7StIkAhJl/zHOi4M2CgpYfD6aeRWbnrmtvBEA=="
    },
    "elliptic": {
      "version": "6.5.3",
      "resolved": "https://registry.npmjs.org/elliptic/-/elliptic-6.5.3.tgz",
      "integrity": "sha512-IMqzv5wNQf+E6aHeIqATs0tOLeOTwj1QKbRcS3jBbYkl5oLAserA8yJTT7/VyHUYG91PRmPyeQDObKLPpeS4dw==",
      "requires": {
        "bn.js": "^4.4.0",
        "brorand": "^1.0.1",
        "hash.js": "^1.0.0",
        "hmac-drbg": "^1.0.0",
        "inherits": "^2.0.1",
        "minimalistic-assert": "^1.0.0",
        "minimalistic-crypto-utils": "^1.0.0"
      }
    },
    "hash.js": {
      "version": "1.1.7",
      "resolved": "https://registry.npmjs.org/hash.js/-/hash.js-1.1.7.tgz",
      "integrity": "sha512-taOaskGt4z4SOANNseOviYDvjEJinIkRgmp7LbKP2YTTmVxWBl87s/uzK9r+44BclBSp2X7K1hqeNfz9JbBeXA==",
      "requires": {
        "inherits": "^2.0.3",
        "minimalistic-assert": "^1.0.1"
      }
    },
    "hmac-drbg": {
      "version": "1.0.1",
      "resolved": "https://registry.npmjs.org/hmac-drbg/-/hmac-drbg-1.0.1.tgz",
      "integrity": "sha1-0nRXAQJabHdabFRXk+1QL8DGSaE=",
      "requires": {
        "hash.js": "^1.0.3",
        "minimalistic-assert": "^1.0.0",
        "minimalistic-crypto-utils": "^1.0.1"
      }
    },
    "inherits": {
      "version": "2.0.4",
      "resolved": "https://registry.npmjs.org/inherits/-/inherits-2.0.4.tgz",
      "integrity": "sha512-k/vGaX4/Yla3WzyMCvTQOXYeIHvqOKtnqBduzTHpzpQZzAskKMhZ2K+EnBiSM9zGSoIFeMpXKxa4dYeZIQqewQ=="
    },
    "minimalistic-assert": {
      "version": "1.0.1",
      "resolved": "https://registry.npmjs.org/minimalistic-assert/-/minimalistic-assert-1.0.1.tgz",
      "integrity": "sha512-UtJcAD4yEaGtjPezWuO9wC4nwUnVH/8/Im3yEHQP4b67cXlD/Qr9hdITCU1xDbSEXg2XKNaP8jsReV7vQd00/A=="
    },
    "minimalistic-crypto-utils": {
      "version": "1.0.1",
      "resolved": "https://registry.npmjs.org/minimalistic-crypto-utils/-/minimalistic-crypto-utils-1.0.1.tgz",
      "integrity": "sha1-9sAMHAsIIkblxNmd+4x8CDsrWCo="
    },
    "pvtsutils": {
      "version": "1.1.1",
      "resolved": "https://registry.npmjs.org/pvtsutils/-/pvtsutils-1.1.1.tgz",
      "integrity": "sha512-Evbhe6L4Sxwu4SPLQ4LQZhgfWDQO3qa1lju9jM5cxsQp8vE10VipcSmo7hiJW48TmiHgVLgDtC2TL6/+ND+IVg==",
      "requires": {
        "tslib": "^2.0.3"
      }
    },
    "pvutils": {
      "version": "1.0.17",
      "resolved": "https://registry.npmjs.org/pvutils/-/pvutils-1.0.17.tgz",
      "integrity": "sha512-wLHYUQxWaXVQvKnwIDWFVKDJku9XDCvyhhxoq8dc5MFdIlRenyPI9eSfEtcvgHgD7FlvCyGAlWgOzRnZD99GZQ=="
    },
    "safe-buffer": {
      "version": "5.2.1",
      "resolved": "https://registry.npmjs.org/safe-buffer/-/safe-buffer-5.2.1.tgz",
      "integrity": "sha512-rp3So07KcdmmKbGvgaNxQSJr7bGVSVk5S9Eq1F+ppbRo70+YeaDxkw5Dd8NPN+GD6bjnYm2VuPuCXmpuYvmCXQ=="
    },
    "safer-buffer": {
      "version": "2.1.2",
      "resolved": "https://registry.npmjs.org/safer-buffer/-/safer-buffer-2.1.2.tgz",
      "integrity": "sha512-YZo3K82SD7Riyi0E1EQPojLz7kpepnSQI9IyPbHHg1XXXevb5dJI7tpyN2ADxGcQbHG7vcyRHk0cbwqcQriUtg=="
    },
    "tslib": {
      "version": "2.0.3",
      "resolved": "https://registry.npmjs.org/tslib/-/tslib-2.0.3.tgz",
      "integrity": "sha512-uZtkfKblCEQtZKBF6EBXVZeQNl82yqtDQdv+eck8u7tdPxjLu2/lp5/uPW+um2tpuxINHWy3GhiccY7QgEaVHQ=="
    },
    "web-streams-polyfill": {
      "version": "3.0.1",
      "resolved": "https://registry.npmjs.org/web-streams-polyfill/-/web-streams-polyfill-3.0.1.tgz",
      "integrity": "sha512-M+EmTdszMWINywOZaqpZ6VIEDUmNpRaTOuizF0ZKPjSDC8paMRe/jBBwFv0Yeyn5WYnM5pMqMQa82vpaE+IJRw=="
    },
    "webcrypto-core": {
      "version": "1.1.8",
      "resolved": "https://registry.npmjs.org/webcrypto-core/-/webcrypto-core-1.1.8.tgz",
      "integrity": "sha512-hKnFXsqh0VloojNeTfrwFoRM4MnaWzH6vtXcaFcGjPEu+8HmBdQZnps3/2ikOFqS8bJN1RYr6mI2P/FJzyZnXg==",
      "requires": {
        "@peculiar/asn1-schema": "^2.0.12",
        "@peculiar/json-schema": "^1.1.12",
        "asn1js": "^2.0.26",
        "pvtsutils": "^1.0.11",
        "tslib": "^2.0.1"
      }
    },
    "yaml": {
      "version": "1.10.0",
      "resolved": "https://registry.npmjs.org/yaml/-/yaml-1.10.0.tgz",
      "integrity": "sha512-yr2icI4glYaNG+KWONODapy2/jDdMSDnrONSjblABjD9B4Z5LgiircSt8m8sRZFNi08kG9Sm0uSHtEmP3zaEGg=="
    }
  }
}
